
Microsoft Visual Studio Solution File, Format Version 12.00
# Visual Studio 15
VisualStudioVersion = 15.0.27428.2043
MinimumVisualStudioVersion = 10.0.40219.1
Project("{FAE04EC0-301F-11D3-BF4B-00C04F79EFBC}") = "Calculator", "Calculator\Calculator.csproj", "{F1D55DB6-9B6B-42C8-B500-DAEA7FAF0259}"
EndProject
Global
	GlobalSection(SolutionConfigurationPlatforms) = preSolution
		Debug|Any CPU = Debug|Any CPU
		Release|Any CPU = Release|Any CPU
	EndGlobalSection
	GlobalSection(ProjectConfigurationPlatforms) = postSolution
		{F1D55DB6-9B6B-42C8-B500-DAEA7FAF0259}.Debug|Any CPU.ActiveCfg = Debug|Any CPU
		{F1D55DB6-9B6B-42C8-B500-DAEA7FAF0259}.Debug|Any CPU.Build.0 = Debug|Any CPU
		{F1D55DB6-9B6B-42C8-B500-DAEA7FAF0259}.Release|Any CPU.ActiveCfg = Release|Any CPU
		{F1D55DB6-9B6B-42C8-B500-DAEA7FAF0259}.Release|Any CPU.Build.0 = Release|Any CPU
	EndGlobalSection
	GlobalSection(SolutionProperties) = preSolution
		HideSolutionNode = FALSE
	EndGlobalSection
	GlobalSection(ExtensibilityGlobals) = postSolution
		SolutionGuid = {01DC5CF2-733F-4CE2-B54F-8446B49C9B52}
	EndGlobalSection
EndGlobal
